
Microsoft Visual Studio Solution File, Format Version 12.00
# Visual Studio Version 17
VisualStudioVersion = 17.4.33110.190
MinimumVisualStudioVersion = 10.0.40219.1
Project("{FAE04EC0-301F-11D3-BF4B-00C04F79EFBC}") = "Aula3-By-Book-Api", "Aula3-By-Book-Api\Aula3-By-Book-Api.csproj", "{6DC9DA9C-7F9B-460C-8A7B-8DA477D755A0}"
EndProject
Global
	GlobalSection(SolutionConfigurationPlatforms) = preSolution
		Debug|Any CPU = Debug|Any CPU
		Release|Any CPU = Release|Any CPU
	EndGlobalSection
	GlobalSection(ProjectConfigurationPlatforms) = postSolution
		{6DC9DA9C-7F9B-460C-8A7B-8DA477D755A0}.Debug|Any CPU.ActiveCfg = Debug|Any CPU
		{6DC9DA9C-7F9B-460C-8A7B-8DA477D755A0}.Debug|Any CPU.Build.0 = Debug|Any CPU
		{6DC9DA9C-7F9B-460C-8A7B-8DA477D755A0}.Release|Any CPU.ActiveCfg = Release|Any CPU
		{6DC9DA9C-7F9B-460C-8A7B-8DA477D755A0}.Release|Any CPU.Build.0 = Release|Any CPU
	EndGlobalSection
	GlobalSection(SolutionProperties) = preSolution
		HideSolutionNode = FALSE
	EndGlobalSection
	GlobalSection(ExtensibilityGlobals) = postSolution
		SolutionGuid = {0969BD15-9DFC-4F0E-BEBE-39CC53FFA76E}
	EndGlobalSection
EndGlobal
